# This file is automatically @generated by Cargo.
# It is not intended for manual editing.
version = 3

[[package]]
name = "benchmarking"
version = "0.1.0"
dependencies = [
 "fon 0.5.0",
 "fon 0.6.0",
 "nanorand",
]

[[package]]
name = "fon"
version = "0.5.0"
source = "registry+https://github.com/rust-lang/crates.io-index"
checksum = "d9716a0a1c5bba06eeccce22ff33a89dc961d88f02f0d450a55c1bade6cbcdd5"

[[package]]
name = "fon"
version = "0.6.0"
dependencies = [
 "libm",
]

[[package]]
name = "libm"
version = "0.2.1"
source = "registry+https://github.com/rust-lang/crates.io-index"
checksum = "c7d73b3f436185384286bd8098d17ec07c9a7d2388a6599f824d8502b529702a"

[[package]]
name = "nanorand"
version = "0.6.1"
source = "registry+https://github.com/rust-lang/crates.io-index"
checksum = "729eb334247daa1803e0a094d0a5c55711b85571179f5ec6e53eccfdf7008958"
